
Microsoft Visual Studio Solution File, Format Version 12.00
# Visual Studio Version 16
VisualStudioVersion = 16.0.31129.286
MinimumVisualStudioVersion = 10.0.40219.1
Project("{8BC9CEB8-8B4A-11D0-8D11-00A0C91BC942}") = "TrueTable", "TrueTable\TrueTable.vcxproj", "{5CAD90C6-779E-4EA8-86E6-1E5F6F8BBFCF}"
EndProject
Global
	GlobalSection(SolutionConfigurationPlatforms) = preSolution
		Debug|x64 = Debug|x64
		Debug|x86 = Debug|x86
		Release|x64 = Release|x64
		Release|x86 = Release|x86
	EndGlobalSection
	GlobalSection(ProjectConfigurationPlatforms) = postSolution
		{5CAD90C6-779E-4EA8-86E6-1E5F6F8BBFCF}.Debug|x64.ActiveCfg = Debug|x64
		{5CAD90C6-779E-4EA8-86E6-1E5F6F8BBFCF}.Debug|x64.Build.0 = Debug|x64
		{5CAD90C6-779E-4EA8-86E6-1E5F6F8BBFCF}.Debug|x86.ActiveCfg = Debug|Win32
		{5CAD90C6-779E-4EA8-86E6-1E5F6F8BBFCF}.Debug|x86.Build.0 = Debug|Win32
		{5CAD90C6-779E-4EA8-86E6-1E5F6F8BBFCF}.Release|x64.ActiveCfg = Release|x64
		{5CAD90C6-779E-4EA8-86E6-1E5F6F8BBFCF}.Release|x64.Build.0 = Release|x64
		{5CAD90C6-779E-4EA8-86E6-1E5F6F8BBFCF}.Release|x86.ActiveCfg = Release|Win32
		{5CAD90C6-779E-4EA8-86E6-1E5F6F8BBFCF}.Release|x86.Build.0 = Release|Win32
	EndGlobalSection
	GlobalSection(SolutionProperties) = preSolution
		HideSolutionNode = FALSE
	EndGlobalSection
	GlobalSection(ExtensibilityGlobals) = postSolution
		SolutionGuid = {9EBEDA33-0EAF-40EB-8737-D4A3E6597880}
	EndGlobalSection
EndGlobal
